// !$*UTF8*$!
{
	archiveVersion = 1;
	classes = {
	};
	objectVersion = 46;
	objects = {

/* Begin PBXBuildFile section */
		2CDC96211AB2FC0700161C9F /* Foundation.framework in Frameworks */ = {isa = PBXBuildFile; fileRef = 2CDC96201AB2FC0700161C9F /* Foundation.framework */; };
		2CDC96231AB2FC0700161C9F /* CoreGraphics.framework in Frameworks */ = {isa = PBXBuildFile; fileRef = 2CDC96221AB2FC0700161C9F /* CoreGraphics.framework */; };
		2CDC96251AB2FC0700161C9F /* UIKit.framework in Frameworks */ = {isa = PBXBuildFile; fileRef = 2CDC96241AB2FC0700161C9F /* UIKit.framework */; };
		2CDC96271AB2FC0700161C9F /* CoreData.framework in Frameworks */ = {isa = PBXBuildFile; fileRef = 2CDC96261AB2FC0700161C9F /* CoreData.framework */; };
		2CDC962D1AB2FC0700161C9F /* InfoPlist.strings in Resources */ = {isa = PBXBuildFile; fileRef = 2CDC962B1AB2FC0700161C9F /* InfoPlist.strings */; };
		2CDC962F1AB2FC0700161C9F /* main.m in Sources */ = {isa = PBXBuildFile; fileRef = 2CDC962E1AB2FC0700161C9F /* main.m */; };
		2CDC96331AB2FC0700161C9F /* AppDelegate.m in Sources */ = {isa = PBXBuildFile; fileRef = 2CDC96321AB2FC0700161C9F /* AppDelegate.m */; };
		2CDC96361AB2FC0700161C9F /* Demo_test.xcdatamodeld in Sources */ = {isa = PBXBuildFile; fileRef = 2CDC96341AB2FC0700161C9F /* Demo_test.xcdatamodeld */; };
		2CDC96381AB2FC0700161C9F /* Images.xcassets in Resources */ = {isa = PBXBuildFile; fileRef = 2CDC96371AB2FC0700161C9F /* Images.xcassets */; };
		2CDC963F1AB2FC0700161C9F /* XCTest.framework in Frameworks */ = {isa = PBXBuildFile; fileRef = 2CDC963E1AB2FC0700161C9F /* XCTest.framework */; };
		2CDC96401AB2FC0700161C9F /* Foundation.framework in Frameworks */ = {isa = PBXBuildFile; fileRef = 2CDC96201AB2FC0700161C9F /* Foundation.framework */; };
		2CDC96411AB2FC0700161C9F /* UIKit.framework in Frameworks */ = {isa = PBXBuildFile; fileRef = 2CDC96241AB2FC0700161C9F /* UIKit.framework */; };
		2CDC96421AB2FC0700161C9F /* CoreData.framework in Frameworks */ = {isa = PBXBuildFile; fileRef = 2CDC96261AB2FC0700161C9F /* CoreData.framework */; };
		2CDC964A1AB2FC0700161C9F /* InfoPlist.strings in Resources */ = {isa = PBXBuildFile; fileRef = 2CDC96481AB2FC0700161C9F /* InfoPlist.strings */; };
		2CDC964C1AB2FC0700161C9F /* Demo_testTests.m in Sources */ = {isa = PBXBuildFile; fileRef = 2CDC964B1AB2FC0700161C9F /* Demo_testTests.m */; };
/* End PBXBuildFile section */

/* Begin PBXContainerItemProxy section */
		2CDC96431AB2FC0700161C9F /* PBXContainerItemProxy */ = {
			isa = PBXContainerItemProxy;
			containerPortal = 2CDC96151AB2FC0700161C9F /* Project object */;
			proxyType = 1;
			remoteGlobalIDString = 2CDC961C1AB2FC0700161C9F;
			remoteInfo = Demo_test;
		};
/* End PBXContainerItemProxy section */

/* Begin PBXFileReference section */
		2CDC961D1AB2FC0700161C9F /* Demo_test.app */ = {isa = PBXFileReference; explicitFileType = wrapper.application; includeInIndex = 0; path = Demo_test.app; sourceTree = BUILT_PRODUCTS_DIR; };
		2CDC96201AB2FC0700161C9F /* Foundation.framework */ = {isa = PBXFileReference; lastKnownFileType = wrapper.framework; name = Foundation.framework; path = System/Library/Frameworks/Foundation.framework; sourceTree = SDKROOT; };
		2CDC96221AB2FC0700161C9F /* CoreGraphics.framework */ = {isa = PBXFileReference; lastKnownFileType = wrapper.framework; name = CoreGraphics.framework; path = System/Library/Frameworks/CoreGraphics.framework; sourceTree = SDKROOT; };
		2CDC96241AB2FC0700161C9F /* UIKit.framework */ = {isa = PBXFileReference; lastKnownFileType = wrapper.framework; name = UIKit.framework; path = System/Library/Frameworks/UIKit.framework; sourceTree = SDKROOT; };
		2CDC96261AB2FC0700161C9F /* CoreData.framework */ = {isa = PBXFileReference; lastKnownFileType = wrapper.framework; name = CoreData.framework; path = System/Library/Frameworks/CoreData.framework; sourceTree = SDKROOT; };
		2CDC962A1AB2FC0700161C9F /* Demo_test-Info.plist */ = {isa = PBXFileReference; lastKnownFileType = text.plist.xml; path = "Demo_test-Info.plist"; sourceTree = "<group>"; };
		2CDC962C1AB2FC0700161C9F /* en */ = {isa = PBXFileReference; lastKnownFileType = text.plist.strings; name = en; path = en.lproj/InfoPlist.strings; sourceTree = "<group>"; };
		2CDC962E1AB2FC0700161C9F /* main.m */ = {isa = PBXFileReference; lastKnownFileType = sourcecode.c.objc; path = main.m; sourceTree = "<group>"; };
		2CDC96301AB2FC0700161C9F /* Demo_test-Prefix.pch */ = {isa = PBXFileReference; lastKnownFileType = sourcecode.c.h; path = "Demo_test-Prefix.pch"; sourceTree = "<group>"; };
		2CDC96311AB2FC0700161C9F /* AppDelegate.h */ = {isa = PBXFileReference; lastKnownFileType = sourcecode.c.h; path = AppDelegate.h; sourceTree = "<group>"; };
		2CDC96321AB2FC0700161C9F /* AppDelegate.m */ = {isa = PBXFileReference; lastKnownFileType = sourcecode.c.objc; path = AppDelegate.m; sourceTree = "<group>"; };
		2CDC96351AB2FC0700161C9F /* Demo_test.xcdatamodel */ = {isa = PBXFileReference; lastKnownFileType = wrapper.xcdatamodel; path = Demo_test.xcdatamodel; sourceTree = "<group>"; };
		2CDC96371AB2FC0700161C9F /* Images.xcassets */ = {isa = PBXFileReference; lastKnownFileType = folder.assetcatalog; path = Images.xcassets; sourceTree = "<group>"; };
		2CDC963D1AB2FC0700161C9F /* Demo_testTests.xctest */ = {isa = PBXFileReference; explicitFileType = wrapper.cfbundle; includeInIndex = 0; path = Demo_testTests.xctest; sourceTree = BUILT_PRODUCTS_DIR; };
		2CDC963E1AB2FC0700161C9F /* XCTest.framework */ = {isa = PBXFileReference; lastKnownFileType = wrapper.framework; name = XCTest.framework; path = Library/Frameworks/XCTest.framework; sourceTree = DEVELOPER_DIR; };
		2CDC96471AB2FC0700161C9F /* Demo_testTests-Info.plist */ = {isa = PBXFileReference; lastKnownFileType = text.plist.xml; path = "Demo_testTests-Info.plist"; sourceTree = "<group>"; };
		2CDC96491AB2FC0700161C9F /* en */ = {isa = PBXFileReference; lastKnownFileType = text.plist.strings; name = en; path = en.lproj/InfoPlist.strings; sourceTree = "<group>"; };
		2CDC964B1AB2FC0700161C9F /* Demo_testTests.m */ = {isa = PBXFileReference; lastKnownFileType = sourcecode.c.objc; path = Demo_testTests.m; sourceTree = "<group>"; };
/* End PBXFileReference section */

/* Begin PBXFrameworksBuildPhase section */
		2CDC961A1AB2FC0700161C9F /* Frameworks */ = {
			isa = PBXFrameworksBuildPhase;
			buildActionMask = 2147483647;
			files = (
				2CDC96231AB2FC0700161C9F /* CoreGraphics.framework in Frameworks */,
				2CDC96271AB2FC0700161C9F /* CoreData.framework in Frameworks */,
				2CDC96251AB2FC0700161C9F /* UIKit.framework in Frameworks */,
				2CDC96211AB2FC0700161C9F /* Foundation.framework in Frameworks */,
			);
			runOnlyForDeploymentPostprocessing = 0;
		};
		2CDC963A1AB2FC0700161C9F /* Frameworks */ = {
			isa = PBXFrameworksBuildPhase;
			buildActionMask = 2147483647;
			files = (
				2CDC963F1AB2FC0700161C9F /* XCTest.framework in Frameworks */,
				2CDC96421AB2FC0700161C9F /* CoreData.framework in Frameworks */,
				2CDC96411AB2FC0700161C9F /* UIKit.framework in Frameworks */,
				2CDC96401AB2FC0700161C9F /* Foundation.framework in Frameworks */,
			);
			runOnlyForDeploymentPostprocessing = 0;
		};
/* End PBXFrameworksBuildPhase section */

/* Begin PBXGroup section */
		2CDC96141AB2FC0700161C9F = {
			isa = PBXGroup;
			children = (
				2CDC96281AB2FC0700161C9F /* Demo_test */,
				2CDC96451AB2FC0700161C9F /* Demo_testTests */,
				2CDC961F1AB2FC0700161C9F /* Frameworks */,
				2CDC961E1AB2FC0700161C9F /* Products */,
			);
			sourceTree = "<group>";
		};
		2CDC961E1AB2FC0700161C9F /* Products */ = {
			isa = PBXGroup;
			children = (
				2CDC961D1AB2FC0700161C9F /* Demo_test.app */,
				2CDC963D1AB2FC0700161C9F /* Demo_testTests.xctest */,
			);
			name = Products;
			sourceTree = "<group>";
		};
		2CDC961F1AB2FC0700161C9F /* Frameworks */ = {
			isa = PBXGroup;
			children = (
				2CDC96201AB2FC0700161C9F /* Foundation.framework */,
				2CDC96221AB2FC0700161C9F /* CoreGraphics.framework */,
				2CDC96241AB2FC0700161C9F /* UIKit.framework */,
				2CDC96261AB2FC0700161C9F /* CoreData.framework */,
				2CDC963E1AB2FC0700161C9F /* XCTest.framework */,
			);
			name = Frameworks;
			sourceTree = "<group>";
		};
		2CDC96281AB2FC0700161C9F /* Demo_test */ = {
			isa = PBXGroup;
			children = (
				2CDC96311AB2FC0700161C9F /* AppDelegate.h */,
				2CDC96321AB2FC0700161C9F /* AppDelegate.m */,
				2CDC96371AB2FC0700161C9F /* Images.xcassets */,
				2CDC96341AB2FC0700161C9F /* Demo_test.xcdatamodeld */,
				2CDC96291AB2FC0700161C9F /* Supporting Files */,
			);
			path = Demo_test;
			sourceTree = "<group>";
		};
		2CDC96291AB2FC0700161C9F /* Supporting Files */ = {
			isa = PBXGroup;
			children = (
				2CDC962A1AB2FC0700161C9F /* Demo_test-Info.plist */,
				2CDC962B1AB2FC0700161C9F /* InfoPlist.strings */,
				2CDC962E1AB2FC0700161C9F /* main.m */,
				2CDC96301AB2FC0700161C9F /* Demo_test-Prefix.pch */,
			);
			name = "Supporting Files";
			sourceTree = "<group>";
		};
		2CDC96451AB2FC0700161C9F /* Demo_testTests */ = {
			isa = PBXGroup;
			children = (
				2CDC964B1AB2FC0700161C9F /* Demo_testTests.m */,
				2CDC96461AB2FC0700161C9F /* Supporting Files */,
			);
			path = Demo_testTests;
			sourceTree = "<group>";
		};
		2CDC96461AB2FC0700161C9F /* Supporting Files */ = {
			isa = PBXGroup;
			children = (
				2CDC96471AB2FC0700161C9F /* Demo_testTests-Info.plist */,
				2CDC96481AB2FC0700161C9F /* InfoPlist.strings */,
			);
			name = "Supporting Files";
			sourceTree = "<group>";
		};
/* End PBXGroup section */

/* Begin PBXNativeTarget section */
		2CDC961C1AB2FC0700161C9F /* Demo_test */ = {
			isa = PBXNativeTarget;
			buildConfigurationList = 2CDC964F1AB2FC0700161C9F /* Build configuration list for PBXNativeTarget "Demo_test" */;
			buildPhases = (
				2CDC96191AB2FC0700161C9F /* Sources */,
				2CDC961A1AB2FC0700161C9F /* Frameworks */,
				2CDC961B1AB2FC0700161C9F /* Resources */,
			);
			buildRules = (
			);
			dependencies = (
			);
			name = Demo_test;
			productName = Demo_test;
			productReference = 2CDC961D1AB2FC0700161C9F /* Demo_test.app */;
			productType = "com.apple.product-type.application";
		};
		2CDC963C1AB2FC0700161C9F /* Demo_testTests */ = {
			isa = PBXNativeTarget;
			buildConfigurationList = 2CDC96521AB2FC0700161C9F /* Build configuration list for PBXNativeTarget "Demo_testTests" */;
			buildPhases = (
				2CDC96391AB2FC0700161C9F /* Sources */,
				2CDC963A1AB2FC0700161C9F /* Frameworks */,
				2CDC963B1AB2FC0700161C9F /* Resources */,
			);
			buildRules = (
			);
			dependencies = (
				2CDC96441AB2FC0700161C9F /* PBXTargetDependency */,
			);
			name = Demo_testTests;
			productName = Demo_testTests;
			productReference = 2CDC963D1AB2FC0700161C9F /* Demo_testTests.xctest */;
			productType = "com.apple.product-type.bundle.unit-test";
		};
/* End PBXNativeTarget section */

/* Begin PBXProject section */
		2CDC96151AB2FC0700161C9F /* Project object */ = {
			isa = PBXProject;
			attributes = {
				LastUpgradeCheck = 0500;
				ORGANIZATIONNAME = Esolz;
				TargetAttributes = {
					2CDC963C1AB2FC0700161C9F = {
						TestTargetID = 2CDC961C1AB2FC0700161C9F;
					};
				};
			};
			buildConfigurationList = 2CDC96181AB2FC0700161C9F /* Build configuration list for PBXProject "Demo_test" */;
			compatibilityVersion = "Xcode 3.2";
			developmentRegion = English;
			hasScannedForEncodings = 0;
			knownRegions = (
				en,
			);
			mainGroup = 2CDC96141AB2FC0700161C9F;
			productRefGroup = 2CDC961E1AB2FC0700161C9F /* Products */;
			projectDirPath = "";
			projectRoot = "";
			targets = (
				2CDC961C1AB2FC0700161C9F /* Demo_test */,
				2CDC963C1AB2FC0700161C9F /* Demo_testTests */,
			);
		};
/* End PBXProject section */

/* Begin PBXResourcesBuildPhase section */
		2CDC961B1AB2FC0700161C9F /* Resources */ = {
			isa = PBXResourcesBuildPhase;
			buildActionMask = 2147483647;
			files = (
				2CDC962D1AB2FC0700161C9F /* InfoPlist.strings in Resources */,
				2CDC96381AB2FC0700161C9F /* Images.xcassets in Resources */,
			);
			runOnlyForDeploymentPostprocessing = 0;
		};
		2CDC963B1AB2FC0700161C9F /* Resources */ = {
			isa = PBXResourcesBuildPhase;
			buildActionMask = 2147483647;
			files = (
				2CDC964A1AB2FC0700161C9F /* InfoPlist.strings in Resources */,
			);
			runOnlyForDeploymentPostprocessing = 0;
		};
/* End PBXResourcesBuildPhase section */

/* Begin PBXSourcesBuildPhase section */
		2CDC96191AB2FC0700161C9F /* Sources */ = {
			isa = PBXSourcesBuildPhase;
			buildActionMask = 2147483647;
			files = (
				2CDC96361AB2FC0700161C9F /* Demo_test.xcdatamodeld in Sources */,
				2CDC96331AB2FC0700161C9F /* AppDelegate.m in Sources */,
				2CDC962F1AB2FC0700161C9F /* main.m in Sources */,
			);
			runOnlyForDeploymentPostprocessing = 0;
		};
		2CDC96391AB2FC0700161C9F /* Sources */ = {
			isa = PBXSourcesBuildPhase;
			buildActionMask = 2147483647;
			files = (
				2CDC964C1AB2FC0700161C9F /* Demo_testTests.m in Sources */,
			);
			runOnlyForDeploymentPostprocessing = 0;
		};
/* End PBXSourcesBuildPhase section */

/* Begin PBXTargetDependency section */
		2CDC96441AB2FC0700161C9F /* PBXTargetDependency */ = {
			isa = PBXTargetDependency;
			target = 2CDC961C1AB2FC0700161C9F /* Demo_test */;
			targetProxy = 2CDC96431AB2FC0700161C9F /* PBXContainerItemProxy */;
		};
/* End PBXTargetDependency section */

/* Begin PBXVariantGroup section */
		2CDC962B1AB2FC0700161C9F /* InfoPlist.strings */ = {
			isa = PBXVariantGroup;
			children = (
				2CDC962C1AB2FC0700161C9F /* en */,
			);
			name = InfoPlist.strings;
			sourceTree = "<group>";
		};
		2CDC96481AB2FC0700161C9F /* InfoPlist.strings */ = {
			isa = PBXVariantGroup;
			children = (
				2CDC96491AB2FC0700161C9F /* en */,
			);
			name = InfoPlist.strings;
			sourceTree = "<group>";
		};
/* End PBXVariantGroup section */

/* Begin XCBuildConfiguration section */
		2CDC964D1AB2FC0700161C9F /* Debug */ = {
			isa = XCBuildConfiguration;
			buildSettings = {
				ALWAYS_SEARCH_USER_PATHS = NO;
				ARCHS = "$(ARCHS_STANDARD_INCLUDING_64_BIT)";
				CLANG_CXX_LANGUAGE_STANDARD = "gnu++0x";
				CLANG_CXX_LIBRARY = "libc++";
				CLANG_ENABLE_MODULES = YES;
				CLANG_ENABLE_OBJC_ARC = YES;
				CLANG_WARN_BOOL_CONVERSION = YES;
				CLANG_WARN_CONSTANT_CONVERSION = YES;
				CLANG_WARN_DIRECT_OBJC_ISA_USAGE = YES_ERROR;
				CLANG_WARN_EMPTY_BODY = YES;
				CLANG_WARN_ENUM_CONVERSION = YES;
				CLANG_WARN_INT_CONVERSION = YES;
				CLANG_WARN_OBJC_ROOT_CLASS = YES_ERROR;
				CLANG_WARN__DUPLICATE_METHOD_MATCH = YES;
				"CODE_SIGN_IDENTITY[sdk=iphoneos*]" = "iPhone Developer";
				COPY_PHASE_STRIP = NO;
				GCC_C_LANGUAGE_STANDARD = gnu99;
				GCC_DYNAMIC_NO_PIC = NO;
				GCC_OPTIMIZATION_LEVEL = 0;
				GCC_PREPROCESSOR_DEFINITIONS = (
					"DEBUG=1",
					"$(inherited)",
				);
				GCC_SYMBOLS_PRIVATE_EXTERN = NO;
				GCC_WARN_64_TO_32_BIT_CONVERSION = YES;
				GCC_WARN_ABOUT_RETURN_TYPE = YES_ERROR;
				GCC_WARN_UNDECLARED_SELECTOR = YES;
				GCC_WARN_UNINITIALIZED_AUTOS = YES;
				GCC_WARN_UNUSED_FUNCTION = YES;
				GCC_WARN_UNUSED_VARIABLE = YES;
				IPHONEOS_DEPLOYMENT_TARGET = 7.0;
				ONLY_ACTIVE_ARCH = YES;
				SDKROOT = iphoneos;
				TARGETED_DEVICE_FAMILY = "1,2";
			};
			name = Debug;
		};
		2CDC964E1AB2FC0700161C9F /* Release */ = {
			isa = XCBuildConfiguration;
			buildSettings = {
				ALWAYS_SEARCH_USER_PATHS = NO;
				ARCHS = "$(ARCHS_STANDARD_INCLUDING_64_BIT)";
				CLANG_CXX_LANGUAGE_STANDARD = "gnu++0x";
				CLANG_CXX_LIBRARY = "libc++";
				CLANG_ENABLE_MODULES = YES;
				CLANG_ENABLE_OBJC_ARC = YES;
				CLANG_WARN_BOOL_CONVERSION = YES;
				CLANG_WARN_CONSTANT_CONVERSION = YES;
				CLANG_WARN_DIRECT_OBJC_ISA_USAGE = YES_ERROR;
				CLANG_WARN_EMPTY_BODY = YES;
				CLANG_WARN_ENUM_CONVERSION = YES;
				CLANG_WARN_INT_CONVERSION = YES;
				CLANG_WARN_OBJC_ROOT_CLASS = YES_ERROR;
				CLANG_WARN__DUPLICATE_METHOD_MATCH = YES;
				"CODE_SIGN_IDENTITY[sdk=iphoneos*]" = "iPhone Developer";
				COPY_PHASE_STRIP = YES;
				ENABLE_NS_ASSERTIONS = NO;
				GCC_C_LANGUAGE_STANDARD = gnu99;
				GCC_WARN_64_TO_32_BIT_CONVERSION = YES;
				GCC_WARN_ABOUT_RETURN_TYPE = YES_ERROR;
				GCC_WARN_UNDECLARED_SELECTOR = YES;
				GCC_WARN_UNINITIALIZED_AUTOS = YES;
				GCC_WARN_UNUSED_FUNCTION = YES;
				GCC_WARN_UNUSED_VARIABLE = YES;
				IPHONEOS_DEPLOYMENT_TARGET = 7.0;
				SDKROOT = iphoneos;
				TARGETED_DEVICE_FAMILY = "1,2";
				VALIDATE_PRODUCT = YES;
			};
			name = Release;
		};
		2CDC96501AB2FC0700161C9F /* Debug */ = {
			isa = XCBuildConfiguration;
			buildSettings = {
				ASSETCATALOG_COMPILER_APPICON_NAME = AppIcon;
				ASSETCATALOG_COMPILER_LAUNCHIMAGE_NAME = LaunchImage;
				GCC_PRECOMPILE_PREFIX_HEADER = YES;
				GCC_PREFIX_HEADER = "Demo_test/Demo_test-Prefix.pch";
				INFOPLIST_FILE = "Demo_test/Demo_test-Info.plist";
				PRODUCT_NAME = "$(TARGET_NAME)";
				WRAPPER_EXTENSION = app;
			};
			name = Debug;
		};
		2CDC96511AB2FC0700161C9F /* Release */ = {
			isa = XCBuildConfiguration;
			buildSettings = {
				ASSETCATALOG_COMPILER_APPICON_NAME = AppIcon;
				ASSETCATALOG_COMPILER_LAUNCHIMAGE_NAME = LaunchImage;
				GCC_PRECOMPILE_PREFIX_HEADER = YES;
				GCC_PREFIX_HEADER = "Demo_test/Demo_test-Prefix.pch";
				INFOPLIST_FILE = "Demo_test/Demo_test-Info.plist";
				PRODUCT_NAME = "$(TARGET_NAME)";
				WRAPPER_EXTENSION = app;
			};
			name = Release;
		};
		2CDC96531AB2FC0700161C9F /* Debug */ = {
			isa = XCBuildConfiguration;
			buildSettings = {
				ARCHS = "$(ARCHS_STANDARD_INCLUDING_64_BIT)";
				BUNDLE_LOADER = "$(BUILT_PRODUCTS_DIR)/Demo_test.app/Demo_test";
				FRAMEWORK_SEARCH_PATHS = (
					"$(SDKROOT)/Developer/Library/Frameworks",
					"$(inherited)",
					"$(DEVELOPER_FRAMEWORKS_DIR)",
				);
				GCC_PRECOMPILE_PREFIX_HEADER = YES;
				GCC_PREFIX_HEADER = "Demo_test/Demo_test-Prefix.pch";
				GCC_PREPROCESSOR_DEFINITIONS = (
					"DEBUG=1",
					"$(inherited)",
				);
				INFOPLIST_FILE = "Demo_testTests/Demo_testTests-Info.plist";
				PRODUCT_NAME = "$(TARGET_NAME)";
				TEST_HOST = "$(BUNDLE_LOADER)";
				WRAPPER_EXTENSION = xctest;
			};
			name = Debug;
		};
		2CDC96541AB2FC0700161C9F /* Release */ = {
			isa = XCBuildConfiguration;
			buildSettings = {
				ARCHS = "$(ARCHS_STANDARD_INCLUDING_64_BIT)";
				BUNDLE_LOADER = "$(BUILT_PRODUCTS_DIR)/Demo_test.app/Demo_test";
				FRAMEWORK_SEARCH_PATHS = (
					"$(SDKROOT)/Developer/Library/Frameworks",
					"$(inherited)",
					"$(DEVELOPER_FRAMEWORKS_DIR)",
				);
				GCC_PRECOMPILE_PREFIX_HEADER = YES;
				GCC_PREFIX_HEADER = "Demo_test/Demo_test-Prefix.pch";
				INFOPLIST_FILE = "Demo_testTests/Demo_testTests-Info.plist";
				PRODUCT_NAME = "$(TARGET_NAME)";
				TEST_HOST = "$(BUNDLE_LOADER)";
				WRAPPER_EXTENSION = xctest;
			};
			name = Release;
		};
/* End XCBuildConfiguration section */

/* Begin XCConfigurationList section */
		2CDC96181AB2FC0700161C9F /* Build configuration list for PBXProject "Demo_test" */ = {
			isa = XCConfigurationList;
			buildConfigurations = (
				2CDC964D1AB2FC0700161C9F /* Debug */,
				2CDC964E1AB2FC0700161C9F /* Release */,
			);
			defaultConfigurationIsVisible = 0;
			defaultConfigurationName = Release;
		};
		2CDC964F1AB2FC0700161C9F /* Build configuration list for PBXNativeTarget "Demo_test" */ = {
			isa = XCConfigurationList;
			buildConfigurations = (
				2CDC96501AB2FC0700161C9F /* Debug */,
				2CDC96511AB2FC0700161C9F /* Release */,
			);
			defaultConfigurationIsVisible = 0;
		};
		2CDC96521AB2FC0700161C9F /* Build configuration list for PBXNativeTarget "Demo_testTests" */ = {
			isa = XCConfigurationList;
			buildConfigurations = (
				2CDC96531AB2FC0700161C9F /* Debug */,
				2CDC96541AB2FC0700161C9F /* Release */,
			);
			defaultConfigurationIsVisible = 0;
		};
/* End XCConfigurationList section */

/* Begin XCVersionGroup section */
		2CDC96341AB2FC0700161C9F /* Demo_test.xcdatamodeld */ = {
			isa = XCVersionGroup;
			children = (
				2CDC96351AB2FC0700161C9F /* Demo_test.xcdatamodel */,
			);
			currentVersion = 2CDC96351AB2FC0700161C9F /* Demo_test.xcdatamodel */;
			path = Demo_test.xcdatamodeld;
			sourceTree = "<group>";
			versionGroupType = wrapper.xcdatamodel;
		};
/* End XCVersionGroup section */
	};
	rootObject = 2CDC96151AB2FC0700161C9F /* Project object */;
}
